
Microsoft Visual Studio Solution File, Format Version 12.00
# Visual Studio Version 17
VisualStudioVersion = 17.5.33530.505
MinimumVisualStudioVersion = 10.0.40219.1
Project("{FAE04EC0-301F-11D3-BF4B-00C04F79EFBC}") = "Cocain Trade", "Cocain Trade.csproj", "{5B3BC4A1-855F-4D56-A026-5E789793C954}"
EndProject
Global
	GlobalSection(SolutionConfigurationPlatforms) = preSolution
		Debug|Any CPU = Debug|Any CPU
		Release|Any CPU = Release|Any CPU
	EndGlobalSection
	GlobalSection(ProjectConfigurationPlatforms) = postSolution
		{5B3BC4A1-855F-4D56-A026-5E789793C954}.Debug|Any CPU.ActiveCfg = Debug|Any CPU
		{5B3BC4A1-855F-4D56-A026-5E789793C954}.Debug|Any CPU.Build.0 = Debug|Any CPU
		{5B3BC4A1-855F-4D56-A026-5E789793C954}.Release|Any CPU.ActiveCfg = Release|Any CPU
		{5B3BC4A1-855F-4D56-A026-5E789793C954}.Release|Any CPU.Build.0 = Release|Any CPU
	EndGlobalSection
	GlobalSection(SolutionProperties) = preSolution
		HideSolutionNode = FALSE
	EndGlobalSection
	GlobalSection(ExtensibilityGlobals) = postSolution
		SolutionGuid = {4647B9A7-9AB2-417A-8D18-0681DDE75203}
	EndGlobalSection
EndGlobal
